<Solution>
  <Project Path="TubeMailGorilla.Api/TubeMailGorilla.Api.csproj" />
  <Project Path="TubeMailGorilla.Application/TubeMailGorilla.Application.csproj" />
  <Project Path="TubeMailGorilla.Domain/TubeMailGorilla.Domain.csproj" />
  <Project Path="TubeMailGorilla.Infrastructure/TubeMailGorilla.Infrastructure.csproj" />
</Solution>
